PODS:
  - Alamofire (5.8.0)
  - FlexLayout (2.0.02)
  - Google-Maps-iOS-Utils (4.2.2):
    - Google-Maps-iOS-Utils/Clustering (= 4.2.2)
    - Google-Maps-iOS-Utils/Geometry (= 4.2.2)
    - Google-Maps-iOS-Utils/GeometryUtils (= 4.2.2)
    - Google-Maps-iOS-Utils/Heatmap (= 4.2.2)
    - Google-Maps-iOS-Utils/QuadTree (= 4.2.2)
    - GoogleMaps (~> 7.3)
  - Google-Maps-iOS-Utils/Clustering (4.2.2):
    - Google-Maps-iOS-Utils/QuadTree
    - GoogleMaps (~> 7.3)
  - Google-Maps-iOS-Utils/Geometry (4.2.2):
    - GoogleMaps (~> 7.3)
  - Google-Maps-iOS-Utils/GeometryUtils (4.2.2):
    - GoogleMaps (~> 7.3)
  - Google-Maps-iOS-Utils/Heatmap (4.2.2):
    - Google-Maps-iOS-Utils/QuadTree
    - GoogleMaps (~> 7.3)
  - Google-Maps-iOS-Utils/QuadTree (4.2.2):
    - GoogleMaps (~> 7.3)
  - GoogleMaps (7.4.0):
    - GoogleMaps/Maps (= 7.4.0)
  - GoogleMaps/Base (7.4.0)
  - GoogleMaps/Maps (7.4.0):
    - GoogleMaps/Base
  - GooglePlaces (7.4.0)
  - GravitySliderFlowLayout (1.0)
  - lottie-ios (4.3.3)
  - Panels (2.1.0)
  - QRCodeReader.swift (10.1.0)
  - RadioGroup (1.4.6):
    - SweeterSwift
  - RxCocoa (6.5.0):
    - RxRelay (= 6.5.0)
    - RxSwift (= 6.5.0)
  - RxFlow (2.13.0):
    - RxCocoa (>= 6.0.0)
    - RxSwift (>= 6.0.0)
  - RxOptional (5.0.2):
    - RxCocoa (~> 6.0)
    - RxSwift (~> 6.0)
  - RxRelay (6.5.0):
    - RxSwift (= 6.5.0)
  - RxSwift (6.5.0)
  - SnapKit (5.6.0)
  - SweeterSwift (1.2.3)
  - SwifterSwift (6.0.0):
    - SwifterSwift/AppKit (= 6.0.0)
    - SwifterSwift/Combine (= 6.0.0)
    - SwifterSwift/CoreAnimation (= 6.0.0)
    - SwifterSwift/CoreGraphics (= 6.0.0)
    - SwifterSwift/CoreLocation (= 6.0.0)
    - SwifterSwift/CryptoKit (= 6.0.0)
    - SwifterSwift/Dispatch (= 6.0.0)
    - SwifterSwift/Foundation (= 6.0.0)
    - SwifterSwift/HealthKit (= 6.0.0)
    - SwifterSwift/MapKit (= 6.0.0)
    - SwifterSwift/SceneKit (= 6.0.0)
    - SwifterSwift/SpriteKit (= 6.0.0)
    - SwifterSwift/StoreKit (= 6.0.0)
    - SwifterSwift/SwiftStdlib (= 6.0.0)
    - SwifterSwift/UIKit (= 6.0.0)
    - SwifterSwift/WebKit (= 6.0.0)
  - SwifterSwift/AppKit (6.0.0)
  - SwifterSwift/Combine (6.0.0)
  - SwifterSwift/CoreAnimation (6.0.0)
  - SwifterSwift/CoreGraphics (6.0.0)
  - SwifterSwift/CoreLocation (6.0.0)
  - SwifterSwift/CryptoKit (6.0.0)
  - SwifterSwift/Dispatch (6.0.0)
  - SwifterSwift/Foundation (6.0.0)
  - SwifterSwift/HealthKit (6.0.0)
  - SwifterSwift/MapKit (6.0.0)
  - SwifterSwift/SceneKit (6.0.0)
  - SwifterSwift/SpriteKit (6.0.0)
  - SwifterSwift/StoreKit (6.0.0)
  - SwifterSwift/SwiftStdlib (6.0.0)
  - SwifterSwift/UIKit (6.0.0)
  - SwifterSwift/WebKit (6.0.0)
  - TinyNetworking (5.0.0):
    - TinyNetworking/Core (= 5.0.0)
  - TinyNetworking/Core (5.0.0)
  - ToastViewSwift (2.0.0)
  - TransitionButton (0.5.3)

DEPENDENCIES:
  - Alamofire
  - FlexLayout
  - Google-Maps-iOS-Utils
  - GoogleMaps
  - GooglePlaces
  - GravitySliderFlowLayout
  - lottie-ios
  - Panels
  - QRCodeReader.swift (~> 10.1.0)
  - RadioGroup
  - RxCocoa (= 6.5.0)
  - RxFlow
  - RxOptional
  - RxSwift (= 6.5.0)
  - SnapKit
  - SwifterSwift
  - TinyNetworking
  - ToastViewSwift
  - TransitionButton

SPEC REPOS:
  trunk:
    - Alamofire
    - FlexLayout
    - Google-Maps-iOS-Utils
    - GoogleMaps
    - GooglePlaces
    - GravitySliderFlowLayout
    - lottie-ios
    - Panels
    - QRCodeReader.swift
    - RadioGroup
    - RxCocoa
    - RxFlow
    - RxOptional
    - RxRelay
    - RxSwift
    - SnapKit
    - SweeterSwift
    - SwifterSwift
    - TinyNetworking
    - ToastViewSwift
    - TransitionButton

SPEC CHECKSUMS:
  Alamofire: 0e92e751b3e9e66d7982db43919d01f313b8eb91
  FlexLayout: bd1d1738d67a455205e14c42492fe5450e3c1554
  Google-Maps-iOS-Utils: f77eab4c4326d7e6a277f8e23a0232402731913a
  GoogleMaps: 032f676450ba0779bd8ce16840690915f84e57ac
  GooglePlaces: 544e908d94860bf6f8fc1865b80d2c7eb6b5f937
  GravitySliderFlowLayout: bb9ae6a302b85821c9e0271c00533fae8091143b
  lottie-ios: 25e7b2675dad5c3ddad369ac9baab03560c5bfdd
  Panels: cfafe2d0f92387f393a3b5e827af9ffffe46b073
  QRCodeReader.swift: 373a389fe9a22d513c879a32a6f647c58f4ef572
  RadioGroup: 5dbb3cc52b512b7acce45833c9aecf156d22d2db
  RxCocoa: 94f817b71c07517321eb4f9ad299112ca8af743b
  RxFlow: 52f6f6379918392c1ea8cb62d8dcf2df9a5463dd
  RxOptional: 3664964c96b69dd20c9cf78bdfe546615e26eca8
  RxRelay: 1de1523e604c72b6c68feadedd1af3b1b4d0ecbd
  RxSwift: 5710a9e6b17f3c3d6e40d6e559b9fa1e813b2ef8
  SnapKit: e01d52ebb8ddbc333eefe2132acf85c8227d9c25
  SweeterSwift: 3910bab8ba35b6964d5169a3c52b2c87d930b61c
  SwifterSwift: 66843dc594f8fb890f5543c22545921d44acc004
  TinyNetworking: 5bcc79f4f5039aa92cf94619f6e6e5a59c714006
  ToastViewSwift: db710ad3c19c826269d004038c7b69f5b658dc6f
  TransitionButton: 36283346e17c64775a1b3bc3a7a72940a367de1f

PODFILE CHECKSUM: 89d863786a5bae3b9ba2950738aed2d5cafda407

COCOAPODS: 1.11.3
